
Microsoft Visual Studio Solution File, Format Version 12.00
# Visual Studio Version 16
VisualStudioVersion = 16.0.31624.102
MinimumVisualStudioVersion = 10.0.40219.1
Project("{8BC9CEB8-8B4A-11D0-8D11-00A0C91BC942}") = "Lab_6.22", "Lab_6.22\Lab_6.22.vcxproj", "{61FD3903-1BBC-4266-A91E-67ABD042E38D}"
EndProject
Project("{8BC9CEB8-8B4A-11D0-8D11-00A0C91BC942}") = "UnitTest1", "UnitTest1\UnitTest1.vcxproj", "{548F9DD9-13E5-4756-81E0-22DE5AE6DC52}"
EndProject
Global
	GlobalSection(SolutionConfigurationPlatforms) = preSolution
		Debug|x64 = Debug|x64
		Debug|x86 = Debug|x86
		Release|x64 = Release|x64
		Release|x86 = Release|x86
	EndGlobalSection
	GlobalSection(ProjectConfigurationPlatforms) = postSolution
		{61FD3903-1BBC-4266-A91E-67ABD042E38D}.Debug|x64.ActiveCfg = Debug|x64
		{61FD3903-1BBC-4266-A91E-67ABD042E38D}.Debug|x64.Build.0 = Debug|x64
		{61FD3903-1BBC-4266-A91E-67ABD042E38D}.Debug|x86.ActiveCfg = Debug|Win32
		{61FD3903-1BBC-4266-A91E-67ABD042E38D}.Debug|x86.Build.0 = Debug|Win32
		{61FD3903-1BBC-4266-A91E-67ABD042E38D}.Release|x64.ActiveCfg = Release|x64
		{61FD3903-1BBC-4266-A91E-67ABD042E38D}.Release|x64.Build.0 = Release|x64
		{61FD3903-1BBC-4266-A91E-67ABD042E38D}.Release|x86.ActiveCfg = Release|Win32
		{61FD3903-1BBC-4266-A91E-67ABD042E38D}.Release|x86.Build.0 = Release|Win32
		{548F9DD9-13E5-4756-81E0-22DE5AE6DC52}.Debug|x64.ActiveCfg = Debug|x64
		{548F9DD9-13E5-4756-81E0-22DE5AE6DC52}.Debug|x64.Build.0 = Debug|x64
		{548F9DD9-13E5-4756-81E0-22DE5AE6DC52}.Debug|x86.ActiveCfg = Debug|Win32
		{548F9DD9-13E5-4756-81E0-22DE5AE6DC52}.Debug|x86.Build.0 = Debug|Win32
		{548F9DD9-13E5-4756-81E0-22DE5AE6DC52}.Release|x64.ActiveCfg = Release|x64
		{548F9DD9-13E5-4756-81E0-22DE5AE6DC52}.Release|x64.Build.0 = Release|x64
		{548F9DD9-13E5-4756-81E0-22DE5AE6DC52}.Release|x86.ActiveCfg = Release|Win32
		{548F9DD9-13E5-4756-81E0-22DE5AE6DC52}.Release|x86.Build.0 = Release|Win32
	EndGlobalSection
	GlobalSection(SolutionProperties) = preSolution
		HideSolutionNode = FALSE
	EndGlobalSection
	GlobalSection(ExtensibilityGlobals) = postSolution
		SolutionGuid = {014A884C-B2EC-4677-8355-7A603FE615FD}
	EndGlobalSection
EndGlobal
